{
  "name": "css",
  "lockfileVersion": 2,
  "requires": true,
  "packages": {
    "": {
      "dependencies": {
        "nord": "^0.2.1"
      }
    },
    "node_modules/nord": {
      "version": "0.2.1",
      "resolved": "https://registry.npmjs.org/nord/-/nord-0.2.1.tgz",
      "integrity": "sha1-BE7Y4AMxyEqW3ExnDwgKclcsPPk="
    }
  },
  "dependencies": {
    "nord": {
      "version": "0.2.1",
      "resolved": "https://registry.npmjs.org/nord/-/nord-0.2.1.tgz",
      "integrity": "sha1-BE7Y4AMxyEqW3ExnDwgKclcsPPk="
    }
  }
}
